<?xml version="1.0" encoding="utf-8"?>
<Project ToolsVersion="4.0" xmlns="http://schemas.microsoft.com/developer/msbuild/2003">
  <ItemGroup>
    <Filter Include="Source Files">
      <UniqueIdentifier>{4FC737F1-C7A5-4376-A066-2A32D752A2FF}</UniqueIdentifier>
      <Extensions>cpp;c;cc;cxx;def;odl;idl;hpj;bat;asm;asmx</Extensions>
    </Filter>
    <Filter Include="Header Files">
      <UniqueIdentifier>{93995380-89BD-4b04-88EB-625FBE52EBFB}</UniqueIdentifier>
      <Extensions>h;hh;hpp;hxx;hm;inl;inc;xsd</Extensions>
    </Filter>
    <Filter Include="Shader">
      <UniqueIdentifier>{1891a8e7-2edb-4087-9c5a-32570572ddb3}</UniqueIdentifier>
    </Filter>
    <Filter Include="Header Files\GameStates">
      <UniqueIdentifier>{fc54d979-a140-4f06-a136-518035d48ea3}</UniqueIdentifier>
    </Filter>
    <Filter Include="Source Files\GameStates">
      <UniqueIdentifier>{03325f91-60ab-41e5-81b7-af3b9f87bb6e}</UniqueIdentifier>
    </Filter>
    <Filter Include="Header Files\Rendering">
      <UniqueIdentifier>{6edb0081-aa4e-4e6d-b06f-7a1298fde44b}</UniqueIdentifier>
    </Filter>
    <Filter Include="Source Files\Rendering">
      <UniqueIdentifier>{0be58650-b0dd-41a8-b314-852a66a31ad7}</UniqueIdentifier>
    </Filter>
    <Filter Include="Header Files\SetUpNUtility">
      <UniqueIdentifier>{87c695a7-30c0-4388-ba15-ec9d0edbaa3a}</UniqueIdentifier>
    </Filter>
    <Filter Include="Source Files\SetUpNUtility">
      <UniqueIdentifier>{d79c7c36-ee3b-4c44-bd21-0732fc3adc2a}</UniqueIdentifier>
    </Filter>
    <Filter Include="Header Files\Objects">
      <UniqueIdentifier>{ee2d16bf-cebc-40ae-8701-5e95aa8b1add}</UniqueIdentifier>
    </Filter>
    <Filter Include="Source Files\Objects">
      <UniqueIdentifier>{5501148f-63e7-4ce2-a9da-d46e6fcf80b1}</UniqueIdentifier>
    </Filter>
  </ItemGroup>
  <ItemGroup>
    <ClCompile Include="FileReadNWrite.cpp">
      <Filter>Source Files\SetUpNUtility</Filter>
    </ClCompile>
    <ClCompile Include="Game.cpp">
      <Filter>Source Files\SetUpNUtility</Filter>
    </ClCompile>
    <ClCompile Include="GameWindow.cpp">
      <Filter>Source Files\SetUpNUtility</Filter>
    </ClCompile>
    <ClCompile Include="InputManager.cpp">
      <Filter>Source Files\SetUpNUtility</Filter>
    </ClCompile>
    <ClCompile Include="Main.cpp">
      <Filter>Source Files\SetUpNUtility</Filter>
    </ClCompile>
    <ClCompile Include="MathsClass.cpp">
      <Filter>Source Files\SetUpNUtility</Filter>
    </ClCompile>
    <ClCompile Include="Player.cpp">
      <Filter>Source Files\SetUpNUtility</Filter>
    </ClCompile>
    <ClCompile Include="ShaderManager.cpp">
      <Filter>Source Files\SetUpNUtility</Filter>
    </ClCompile>
    <ClCompile Include="GameState.cpp">
      <Filter>Source Files\GameStates</Filter>
    </ClCompile>
    <ClCompile Include="MenuState.cpp">
      <Filter>Source Files\GameStates</Filter>
    </ClCompile>
    <ClCompile Include="BoxClass.cpp">
      <Filter>Source Files\Objects</Filter>
    </ClCompile>
    <ClCompile Include="CameraClass.cpp">
      <Filter>Source Files\Objects</Filter>
    </ClCompile>
    <ClCompile Include="QuadClass.cpp">
      <Filter>Source Files\Objects</Filter>
    </ClCompile>
    <ClCompile Include="GridClass.cpp">
      <Filter>Source Files\Objects</Filter>
    </ClCompile>
    <ClCompile Include="LightClass.cpp">
      <Filter>Source Files\Objects</Filter>
    </ClCompile>
    <ClCompile Include="Model.cpp">
      <Filter>Source Files\Rendering</Filter>
    </ClCompile>
    <ClCompile Include="TextClass.cpp">
      <Filter>Source Files\Rendering</Filter>
    </ClCompile>
    <ClCompile Include="TextureClass.cpp">
      <Filter>Source Files\Rendering</Filter>
    </ClCompile>
  </ItemGroup>
  <ItemGroup>
    <ClInclude Include="FileReadNWrite.h">
      <Filter>Header Files\SetUpNUtility</Filter>
    </ClInclude>
    <ClInclude Include="Game.h">
      <Filter>Header Files\SetUpNUtility</Filter>
    </ClInclude>
    <ClInclude Include="GameWindow.h">
      <Filter>Header Files\SetUpNUtility</Filter>
    </ClInclude>
    <ClInclude Include="glext.h">
      <Filter>Header Files\SetUpNUtility</Filter>
    </ClInclude>
    <ClInclude Include="InputManager.h">
      <Filter>Header Files\SetUpNUtility</Filter>
    </ClInclude>
    <ClInclude Include="MathsClass.h">
      <Filter>Header Files\SetUpNUtility</Filter>
    </ClInclude>
    <ClInclude Include="Player.h">
      <Filter>Header Files\SetUpNUtility</Filter>
    </ClInclude>
    <ClInclude Include="ShaderManager.h">
      <Filter>Header Files\SetUpNUtility</Filter>
    </ClInclude>
    <ClInclude Include="Singleton.h">
      <Filter>Header Files\SetUpNUtility</Filter>
    </ClInclude>
    <ClInclude Include="GameState.h">
      <Filter>Header Files\GameStates</Filter>
    </ClInclude>
    <ClInclude Include="MenuState.h">
      <Filter>Header Files\GameStates</Filter>
    </ClInclude>
    <ClInclude Include="BoxClass.h">
      <Filter>Header Files\Objects</Filter>
    </ClInclude>
    <ClInclude Include="QuadClass.h">
      <Filter>Header Files\Objects</Filter>
    </ClInclude>
    <ClInclude Include="GridClass.h">
      <Filter>Header Files\Objects</Filter>
    </ClInclude>
    <ClInclude Include="CameraClass.h">
      <Filter>Header Files\Objects</Filter>
    </ClInclude>
    <ClInclude Include="LightClass.h">
      <Filter>Header Files\Objects</Filter>
    </ClInclude>
    <ClInclude Include="Model.h">
      <Filter>Header Files\Rendering</Filter>
    </ClInclude>
    <ClInclude Include="TextClass.h">
      <Filter>Header Files\Rendering</Filter>
    </ClInclude>
    <ClInclude Include="TextureClass.h">
      <Filter>Header Files\Rendering</Filter>
    </ClInclude>
  </ItemGroup>
  <ItemGroup>
    <None Include="Main.frag">
      <Filter>Shader</Filter>
    </None>
    <None Include="Main.vert">
      <Filter>Shader</Filter>
    </None>
  </ItemGroup>
</Project>